// !$*UTF8*$!
{
	archiveVersion = 1;
	classes = {
	};
	objectVersion = 46;
	objects = {

/* Begin PBXBuildFile section */
		F7AC5C611F53D0FD006A7804 /* AppDelegate.swift in Sources */ = {isa = PBXBuildFile; fileRef = F7AC5C601F53D0FD006A7804 /* AppDelegate.swift */; };
		F7AC5C661F53D0FE006A7804 /* Main.storyboard in Resources */ = {isa = PBXBuildFile; fileRef = F7AC5C641F53D0FE006A7804 /* Main.storyboard */; };
		F7AC5C681F53D0FE006A7804 /* Assets.xcassets in Resources */ = {isa = PBXBuildFile; fileRef = F7AC5C671F53D0FE006A7804 /* Assets.xcassets */; };
		F7AC5C6B1F53D0FE006A7804 /* LaunchScreen.storyboard in Resources */ = {isa = PBXBuildFile; fileRef = F7AC5C691F53D0FE006A7804 /* LaunchScreen.storyboard */; };
		F7AC5C741F53D112006A7804 /* HSSearchable.swift in Sources */ = {isa = PBXBuildFile; fileRef = F7AC5C731F53D112006A7804 /* HSSearchable.swift */; };
		F7AC5C761F53D183006A7804 /* HSSearchTableViewController.swift in Sources */ = {isa = PBXBuildFile; fileRef = F7AC5C751F53D183006A7804 /* HSSearchTableViewController.swift */; };
		F7AC5C781F53D2C6006A7804 /* UserTableViewCell.swift in Sources */ = {isa = PBXBuildFile; fileRef = F7AC5C771F53D2C6006A7804 /* UserTableViewCell.swift */; };
		F7AC5C7A1F53D3D4006A7804 /* UserDM.swift in Sources */ = {isa = PBXBuildFile; fileRef = F7AC5C791F53D3D4006A7804 /* UserDM.swift */; };
/* End PBXBuildFile section */

/* Begin PBXFileReference section */
		F7AC5C5D1F53D0FD006A7804 /* HSSearchable.app */ = {isa = PBXFileReference; explicitFileType = wrapper.application; includeInIndex = 0; path = HSSearchable.app; sourceTree = BUILT_PRODUCTS_DIR; };
		F7AC5C601F53D0FD006A7804 /* AppDelegate.swift */ = {isa = PBXFileReference; lastKnownFileType = sourcecode.swift; path = AppDelegate.swift; sourceTree = "<group>"; };
		F7AC5C651F53D0FE006A7804 /* Base */ = {isa = PBXFileReference; lastKnownFileType = file.storyboard; name = Base; path = Base.lproj/Main.storyboard; sourceTree = "<group>"; };
		F7AC5C671F53D0FE006A7804 /* Assets.xcassets */ = {isa = PBXFileReference; lastKnownFileType = folder.assetcatalog; path = Assets.xcassets; sourceTree = "<group>"; };
		F7AC5C6A1F53D0FE006A7804 /* Base */ = {isa = PBXFileReference; lastKnownFileType = file.storyboard; name = Base; path = Base.lproj/LaunchScreen.storyboard; sourceTree = "<group>"; };
		F7AC5C6C1F53D0FE006A7804 /* Info.plist */ = {isa = PBXFileReference; lastKnownFileType = text.plist.xml; path = Info.plist; sourceTree = "<group>"; };
		F7AC5C731F53D112006A7804 /* HSSearchable.swift */ = {isa = PBXFileReference; fileEncoding = 4; lastKnownFileType = sourcecode.swift; path = HSSearchable.swift; sourceTree = "<group>"; };
		F7AC5C751F53D183006A7804 /* HSSearchTableViewController.swift */ = {isa = PBXFileReference; fileEncoding = 4; lastKnownFileType = sourcecode.swift; path = HSSearchTableViewController.swift; sourceTree = "<group>"; };
		F7AC5C771F53D2C6006A7804 /* UserTableViewCell.swift */ = {isa = PBXFileReference; fileEncoding = 4; lastKnownFileType = sourcecode.swift; path = UserTableViewCell.swift; sourceTree = "<group>"; };
		F7AC5C791F53D3D4006A7804 /* UserDM.swift */ = {isa = PBXFileReference; fileEncoding = 4; lastKnownFileType = sourcecode.swift; path = UserDM.swift; sourceTree = "<group>"; };
/* End PBXFileReference section */

/* Begin PBXFrameworksBuildPhase section */
		F7AC5C5A1F53D0FD006A7804 /* Frameworks */ = {
			isa = PBXFrameworksBuildPhase;
			buildActionMask = 2147483647;
			files = (
			);
			runOnlyForDeploymentPostprocessing = 0;
		};
/* End PBXFrameworksBuildPhase section */

/* Begin PBXGroup section */
		F7AC5C541F53D0FD006A7804 = {
			isa = PBXGroup;
			children = (
				F7AC5C5F1F53D0FD006A7804 /* HSSearchable */,
				F7AC5C5E1F53D0FD006A7804 /* Products */,
			);
			sourceTree = "<group>";
		};
		F7AC5C5E1F53D0FD006A7804 /* Products */ = {
			isa = PBXGroup;
			children = (
				F7AC5C5D1F53D0FD006A7804 /* HSSearchable.app */,
			);
			name = Products;
			sourceTree = "<group>";
		};
		F7AC5C5F1F53D0FD006A7804 /* HSSearchable */ = {
			isa = PBXGroup;
			children = (
				F7AC5C601F53D0FD006A7804 /* AppDelegate.swift */,
				F7AC5C751F53D183006A7804 /* HSSearchTableViewController.swift */,
				F7AC5C771F53D2C6006A7804 /* UserTableViewCell.swift */,
				F7AC5C641F53D0FE006A7804 /* Main.storyboard */,
				F7AC5C721F53D112006A7804 /* HSSearchable */,
				F7AC5C671F53D0FE006A7804 /* Assets.xcassets */,
				F7AC5C691F53D0FE006A7804 /* LaunchScreen.storyboard */,
				F7AC5C6C1F53D0FE006A7804 /* Info.plist */,
			);
			path = HSSearchable;
			sourceTree = "<group>";
		};
		F7AC5C721F53D112006A7804 /* HSSearchable */ = {
			isa = PBXGroup;
			children = (
				F7AC5C731F53D112006A7804 /* HSSearchable.swift */,
				F7AC5C791F53D3D4006A7804 /* UserDM.swift */,
			);
			path = HSSearchable;
			sourceTree = "<group>";
		};
/* End PBXGroup section */

/* Begin PBXNativeTarget section */
		F7AC5C5C1F53D0FD006A7804 /* HSSearchable */ = {
			isa = PBXNativeTarget;
			buildConfigurationList = F7AC5C6F1F53D0FE006A7804 /* Build configuration list for PBXNativeTarget "HSSearchable" */;
			buildPhases = (
				F7AC5C591F53D0FD006A7804 /* Sources */,
				F7AC5C5A1F53D0FD006A7804 /* Frameworks */,
				F7AC5C5B1F53D0FD006A7804 /* Resources */,
			);
			buildRules = (
			);
			dependencies = (
			);
			name = HSSearchable;
			productName = HSSearchable;
			productReference = F7AC5C5D1F53D0FD006A7804 /* HSSearchable.app */;
			productType = "com.apple.product-type.application";
		};
/* End PBXNativeTarget section */

/* Begin PBXProject section */
		F7AC5C551F53D0FD006A7804 /* Project object */ = {
			isa = PBXProject;
			attributes = {
				LastSwiftUpdateCheck = 0830;
				LastUpgradeCheck = 0830;
				ORGANIZATIONNAME = "Hitendra iDev";
				TargetAttributes = {
					F7AC5C5C1F53D0FD006A7804 = {
						CreatedOnToolsVersion = 8.3.2;
						ProvisioningStyle = Automatic;
					};
				};
			};
			buildConfigurationList = F7AC5C581F53D0FD006A7804 /* Build configuration list for PBXProject "HSSearchable" */;
			compatibilityVersion = "Xcode 3.2";
			developmentRegion = English;
			hasScannedForEncodings = 0;
			knownRegions = (
				en,
				Base,
			);
			mainGroup = F7AC5C541F53D0FD006A7804;
			productRefGroup = F7AC5C5E1F53D0FD006A7804 /* Products */;
			projectDirPath = "";
			projectRoot = "";
			targets = (
				F7AC5C5C1F53D0FD006A7804 /* HSSearchable */,
			);
		};
/* End PBXProject section */

/* Begin PBXResourcesBuildPhase section */
		F7AC5C5B1F53D0FD006A7804 /* Resources */ = {
			isa = PBXResourcesBuildPhase;
			buildActionMask = 2147483647;
			files = (
				F7AC5C6B1F53D0FE006A7804 /* LaunchScreen.storyboard in Resources */,
				F7AC5C681F53D0FE006A7804 /* Assets.xcassets in Resources */,
				F7AC5C661F53D0FE006A7804 /* Main.storyboard in Resources */,
			);
			runOnlyForDeploymentPostprocessing = 0;
		};
/* End PBXResourcesBuildPhase section */

/* Begin PBXSourcesBuildPhase section */
		F7AC5C591F53D0FD006A7804 /* Sources */ = {
			isa = PBXSourcesBuildPhase;
			buildActionMask = 2147483647;
			files = (
				F7AC5C781F53D2C6006A7804 /* UserTableViewCell.swift in Sources */,
				F7AC5C7A1F53D3D4006A7804 /* UserDM.swift in Sources */,
				F7AC5C741F53D112006A7804 /* HSSearchable.swift in Sources */,
				F7AC5C611F53D0FD006A7804 /* AppDelegate.swift in Sources */,
				F7AC5C761F53D183006A7804 /* HSSearchTableViewController.swift in Sources */,
			);
			runOnlyForDeploymentPostprocessing = 0;
		};
/* End PBXSourcesBuildPhase section */

/* Begin PBXVariantGroup section */
		F7AC5C641F53D0FE006A7804 /* Main.storyboard */ = {
			isa = PBXVariantGroup;
			children = (
				F7AC5C651F53D0FE006A7804 /* Base */,
			);
			name = Main.storyboard;
			sourceTree = "<group>";
		};
		F7AC5C691F53D0FE006A7804 /* LaunchScreen.storyboard */ = {
			isa = PBXVariantGroup;
			children = (
				F7AC5C6A1F53D0FE006A7804 /* Base */,
			);
			name = LaunchScreen.storyboard;
			sourceTree = "<group>";
		};
/* End PBXVariantGroup section */

/* Begin XCBuildConfiguration section */
		F7AC5C6D1F53D0FE006A7804 /* Debug */ = {
			isa = XCBuildConfiguration;
			buildSettings = {
				ALWAYS_SEARCH_USER_PATHS = NO;
				CLANG_ANALYZER_NONNULL = YES;
				CLANG_ANALYZER_NUMBER_OBJECT_CONVERSION = YES_AGGRESSIVE;
				CLANG_CXX_LANGUAGE_STANDARD = "gnu++0x";
				CLANG_CXX_LIBRARY = "libc++";
				CLANG_ENABLE_MODULES = YES;
				CLANG_ENABLE_OBJC_ARC = YES;
				CLANG_WARN_BOOL_CONVERSION = YES;
				CLANG_WARN_CONSTANT_CONVERSION = YES;
				CLANG_WARN_DIRECT_OBJC_ISA_USAGE = YES_ERROR;
				CLANG_WARN_DOCUMENTATION_COMMENTS = YES;
				CLANG_WARN_EMPTY_BODY = YES;
				CLANG_WARN_ENUM_CONVERSION = YES;
				CLANG_WARN_INFINITE_RECURSION = YES;
				CLANG_WARN_INT_CONVERSION = YES;
				CLANG_WARN_OBJC_ROOT_CLASS = YES_ERROR;
				CLANG_WARN_SUSPICIOUS_MOVE = YES;
				CLANG_WARN_UNREACHABLE_CODE = YES;
				CLANG_WARN__DUPLICATE_METHOD_MATCH = YES;
				"CODE_SIGN_IDENTITY[sdk=iphoneos*]" = "iPhone Developer";
				COPY_PHASE_STRIP = NO;
				DEBUG_INFORMATION_FORMAT = dwarf;
				ENABLE_STRICT_OBJC_MSGSEND = YES;
				ENABLE_TESTABILITY = YES;
				GCC_C_LANGUAGE_STANDARD = gnu99;
				GCC_DYNAMIC_NO_PIC = NO;
				GCC_NO_COMMON_BLOCKS = YES;
				GCC_OPTIMIZATION_LEVEL = 0;
				GCC_PREPROCESSOR_DEFINITIONS = (
					"DEBUG=1",
					"$(inherited)",
				);
				GCC_WARN_64_TO_32_BIT_CONVERSION = YES;
				GCC_WARN_ABOUT_RETURN_TYPE = YES_ERROR;
				GCC_WARN_UNDECLARED_SELECTOR = YES;
				GCC_WARN_UNINITIALIZED_AUTOS = YES_AGGRESSIVE;
				GCC_WARN_UNUSED_FUNCTION = YES;
				GCC_WARN_UNUSED_VARIABLE = YES;
				IPHONEOS_DEPLOYMENT_TARGET = 10.3;
				MTL_ENABLE_DEBUG_INFO = YES;
				ONLY_ACTIVE_ARCH = YES;
				SDKROOT = iphoneos;
				SWIFT_ACTIVE_COMPILATION_CONDITIONS = DEBUG;
				SWIFT_OPTIMIZATION_LEVEL = "-Onone";
			};
			name = Debug;
		};
		F7AC5C6E1F53D0FE006A7804 /* Release */ = {
			isa = XCBuildConfiguration;
			buildSettings = {
				ALWAYS_SEARCH_USER_PATHS = NO;
				CLANG_ANALYZER_NONNULL = YES;
				CLANG_ANALYZER_NUMBER_OBJECT_CONVERSION = YES_AGGRESSIVE;
				CLANG_CXX_LANGUAGE_STANDARD = "gnu++0x";
				CLANG_CXX_LIBRARY = "libc++";
				CLANG_ENABLE_MODULES = YES;
				CLANG_ENABLE_OBJC_ARC = YES;
				CLANG_WARN_BOOL_CONVERSION = YES;
				CLANG_WARN_CONSTANT_CONVERSION = YES;
				CLANG_WARN_DIRECT_OBJC_ISA_USAGE = YES_ERROR;
				CLANG_WARN_DOCUMENTATION_COMMENTS = YES;
				CLANG_WARN_EMPTY_BODY = YES;
				CLANG_WARN_ENUM_CONVERSION = YES;
				CLANG_WARN_INFINITE_RECURSION = YES;
				CLANG_WARN_INT_CONVERSION = YES;
				CLANG_WARN_OBJC_ROOT_CLASS = YES_ERROR;
				CLANG_WARN_SUSPICIOUS_MOVE = YES;
				CLANG_WARN_UNREACHABLE_CODE = YES;
				CLANG_WARN__DUPLICATE_METHOD_MATCH = YES;
				"CODE_SIGN_IDENTITY[sdk=iphoneos*]" = "iPhone Developer";
				COPY_PHASE_STRIP = NO;
				DEBUG_INFORMATION_FORMAT = "dwarf-with-dsym";
				ENABLE_NS_ASSERTIONS = NO;
				ENABLE_STRICT_OBJC_MSGSEND = YES;
				GCC_C_LANGUAGE_STANDARD = gnu99;
				GCC_NO_COMMON_BLOCKS = YES;
				GCC_WARN_64_TO_32_BIT_CONVERSION = YES;
				GCC_WARN_ABOUT_RETURN_TYPE = YES_ERROR;
				GCC_WARN_UNDECLARED_SELECTOR = YES;
				GCC_WARN_UNINITIALIZED_AUTOS = YES_AGGRESSIVE;
				GCC_WARN_UNUSED_FUNCTION = YES;
				GCC_WARN_UNUSED_VARIABLE = YES;
				IPHONEOS_DEPLOYMENT_TARGET = 10.3;
				MTL_ENABLE_DEBUG_INFO = NO;
				SDKROOT = iphoneos;
				SWIFT_OPTIMIZATION_LEVEL = "-Owholemodule";
				VALIDATE_PRODUCT = YES;
			};
			name = Release;
		};
		F7AC5C701F53D0FE006A7804 /* Debug */ = {
			isa = XCBuildConfiguration;
			buildSettings = {
				ASSETCATALOG_COMPILER_APPICON_NAME = AppIcon;
				INFOPLIST_FILE = HSSearchable/Info.plist;
				LD_RUNPATH_SEARCH_PATHS = "$(inherited) @executable_path/Frameworks";
				PRODUCT_BUNDLE_IDENTIFIER = com.hitendra.searchable.HSSearchable;
				PRODUCT_NAME = "$(TARGET_NAME)";
				SWIFT_VERSION = 3.0;
			};
			name = Debug;
		};
		F7AC5C711F53D0FE006A7804 /* Release */ = {
			isa = XCBuildConfiguration;
			buildSettings = {
				ASSETCATALOG_COMPILER_APPICON_NAME = AppIcon;
				INFOPLIST_FILE = HSSearchable/Info.plist;
				LD_RUNPATH_SEARCH_PATHS = "$(inherited) @executable_path/Frameworks";
				PRODUCT_BUNDLE_IDENTIFIER = com.hitendra.searchable.HSSearchable;
				PRODUCT_NAME = "$(TARGET_NAME)";
				SWIFT_VERSION = 3.0;
			};
			name = Release;
		};
/* End XCBuildConfiguration section */

/* Begin XCConfigurationList section */
		F7AC5C581F53D0FD006A7804 /* Build configuration list for PBXProject "HSSearchable" */ = {
			isa = XCConfigurationList;
			buildConfigurations = (
				F7AC5C6D1F53D0FE006A7804 /* Debug */,
				F7AC5C6E1F53D0FE006A7804 /* Release */,
			);
			defaultConfigurationIsVisible = 0;
			defaultConfigurationName = Release;
		};
		F7AC5C6F1F53D0FE006A7804 /* Build configuration list for PBXNativeTarget "HSSearchable" */ = {
			isa = XCConfigurationList;
			buildConfigurations = (
				F7AC5C701F53D0FE006A7804 /* Debug */,
				F7AC5C711F53D0FE006A7804 /* Release */,
			);
			defaultConfigurationIsVisible = 0;
		};
/* End XCConfigurationList section */
	};
	rootObject = F7AC5C551F53D0FD006A7804 /* Project object */;
}
